
Microsoft Visual Studio Solution File, Format Version 12.00
# Visual Studio 2015
Project("{FAE04EC0-301F-11D3-BF4B-00C04F79EFBC}") = "DSV.CSharp.Plugins", "DSV.CSharp.Plugins.csproj", "{1D03BFAB-A5E1-C740-0B67-6F74B60CB7F9}"
EndProject
Project("{FAE04EC0-301F-11D3-BF4B-00C04F79EFBC}") = "DSV.CSharp", "DSV.CSharp.csproj", "{088A98C3-0924-80BD-3534-E9C34EF76C89}"
EndProject
Project("{FAE04EC0-301F-11D3-BF4B-00C04F79EFBC}") = "DSV.CSharp.Editor", "DSV.CSharp.Editor.csproj", "{47796DC6-99C1-90D0-1984-9D02C6ADD4DE}"
EndProject
Global
	GlobalSection(SolutionConfigurationPlatforms) = preSolution
		Debug|Any CPU = Debug|Any CPU
		Release|Any CPU = Release|Any CPU
	EndGlobalSection
	GlobalSection(ProjectConfigurationPlatforms) = postSolution
		{1D03BFAB-A5E1-C740-0B67-6F74B60CB7F9}.Debug|Any CPU.ActiveCfg = Debug|Any CPU
		{1D03BFAB-A5E1-C740-0B67-6F74B60CB7F9}.Debug|Any CPU.Build.0 = Debug|Any CPU
		{1D03BFAB-A5E1-C740-0B67-6F74B60CB7F9}.Release|Any CPU.ActiveCfg = Release|Any CPU
		{1D03BFAB-A5E1-C740-0B67-6F74B60CB7F9}.Release|Any CPU.Build.0 = Release|Any CPU
		{088A98C3-0924-80BD-3534-E9C34EF76C89}.Debug|Any CPU.ActiveCfg = Debug|Any CPU
		{088A98C3-0924-80BD-3534-E9C34EF76C89}.Debug|Any CPU.Build.0 = Debug|Any CPU
		{088A98C3-0924-80BD-3534-E9C34EF76C89}.Release|Any CPU.ActiveCfg = Release|Any CPU
		{088A98C3-0924-80BD-3534-E9C34EF76C89}.Release|Any CPU.Build.0 = Release|Any CPU
		{47796DC6-99C1-90D0-1984-9D02C6ADD4DE}.Debug|Any CPU.ActiveCfg = Debug|Any CPU
		{47796DC6-99C1-90D0-1984-9D02C6ADD4DE}.Debug|Any CPU.Build.0 = Debug|Any CPU
		{47796DC6-99C1-90D0-1984-9D02C6ADD4DE}.Release|Any CPU.ActiveCfg = Release|Any CPU
		{47796DC6-99C1-90D0-1984-9D02C6ADD4DE}.Release|Any CPU.Build.0 = Release|Any CPU
	EndGlobalSection
	GlobalSection(SolutionProperties) = preSolution
		HideSolutionNode = FALSE
	EndGlobalSection
EndGlobal
